#MicroXplorer Configuration settings - do not modify
CAD.formats=
CAD.pinconfig=
CAD.provider=
CORTEX_M7.IPParameters=default_mode_Activation
CORTEX_M7.default_mode_Activation=1
Dma.Request0=UART9_RX
Dma.Request1=USART2_RX
Dma.RequestsNb=2
Dma.UART9_RX.0.Direction=DMA_PERIPH_TO_MEMORY
Dma.UART9_RX.0.EventEnable=DISABLE
Dma.UART9_RX.0.FIFOMode=DMA_FIFOMODE_DISABLE
Dma.UART9_RX.0.Instance=DMA1_Stream2
Dma.UART9_RX.0.MemDataAlignment=DMA_MDATAALIGN_BYTE
Dma.UART9_RX.0.MemInc=DMA_MINC_ENABLE
Dma.UART9_RX.0.Mode=DMA_CIRCULAR
Dma.UART9_RX.0.PeriphDataAlignment=DMA_PDATAALIGN_BYTE
Dma.UART9_RX.0.PeriphInc=DMA_PINC_DISABLE
Dma.UART9_RX.0.Polarity=HAL_DMAMUX_REQ_GEN_RISING
Dma.UART9_RX.0.Priority=DMA_PRIORITY_VERY_HIGH
Dma.UART9_RX.0.RequestNumber=1
Dma.UART9_RX.0.RequestParameters=Instance,Direction,PeriphInc,MemInc,PeriphDataAlignment,MemDataAlignment,Mode,Priority,FIFOMode,SignalID,Polarity,RequestNumber,SyncSignalID,SyncPolarity,SyncEnable,EventEnable,SyncRequestNumber
Dma.UART9_RX.0.SignalID=NONE
Dma.UART9_RX.0.SyncEnable=DISABLE
Dma.UART9_RX.0.SyncPolarity=HAL_DMAMUX_SYNC_NO_EVENT
Dma.UART9_RX.0.SyncRequestNumber=1
Dma.UART9_RX.0.SyncSignalID=NONE
Dma.USART2_RX.1.Direction=DMA_PERIPH_TO_MEMORY
Dma.USART2_RX.1.EventEnable=DISABLE
Dma.USART2_RX.1.FIFOMode=DMA_FIFOMODE_DISABLE
Dma.USART2_RX.1.Instance=DMA1_Stream0
Dma.USART2_RX.1.MemDataAlignment=DMA_MDATAALIGN_BYTE
Dma.USART2_RX.1.MemInc=DMA_MINC_ENABLE
Dma.USART2_RX.1.Mode=DMA_CIRCULAR
Dma.USART2_RX.1.PeriphDataAlignment=DMA_PDATAALIGN_BYTE
Dma.USART2_RX.1.PeriphInc=DMA_PINC_DISABLE
Dma.USART2_RX.1.Polarity=HAL_DMAMUX_REQ_GEN_RISING
Dma.USART2_RX.1.Priority=DMA_PRIORITY_LOW
Dma.USART2_RX.1.RequestNumber=1
Dma.USART2_RX.1.RequestParameters=Instance,Direction,PeriphInc,MemInc,PeriphDataAlignment,MemDataAlignment,Mode,Priority,FIFOMode,SignalID,Polarity,RequestNumber,SyncSignalID,SyncPolarity,SyncEnable,EventEnable,SyncRequestNumber
Dma.USART2_RX.1.SignalID=NONE
Dma.USART2_RX.1.SyncEnable=DISABLE
Dma.USART2_RX.1.SyncPolarity=HAL_DMAMUX_SYNC_NO_EVENT
Dma.USART2_RX.1.SyncRequestNumber=1
Dma.USART2_RX.1.SyncSignalID=NONE
FDCAN1.AutoRetransmission=ENABLE
FDCAN1.CalculateBaudRateNominal=1000000
FDCAN1.CalculateTimeBitNominal=1000
FDCAN1.CalculateTimeQuantumNominal=25.0
FDCAN1.DataPrescaler=3
FDCAN1.DataSyncJumpWidth=10
FDCAN1.DataTimeSeg1=29
FDCAN1.DataTimeSeg2=10
FDCAN1.FrameFormat=FDCAN_FRAME_CLASSIC
FDCAN1.IPParameters=CalculateTimeQuantumNominal,CalculateTimeBitNominal,CalculateBaudRateNominal,NominalSyncJumpWidth,DataPrescaler,DataSyncJumpWidth,DataTimeSeg1,DataTimeSeg2,StdFiltersNbr,RxFifo0ElmtsNbr,TxFifoQueueElmtsNbr,NominalPrescaler,NominalTimeSeg1,NominalTimeSeg2,FrameFormat,TxBuffersNbr,AutoRetransmission
FDCAN1.NominalPrescaler=3
FDCAN1.NominalSyncJumpWidth=10
FDCAN1.NominalTimeSeg1=29
FDCAN1.NominalTimeSeg2=10
FDCAN1.RxFifo0ElmtsNbr=16
FDCAN1.StdFiltersNbr=1
FDCAN1.TxBuffersNbr=0
FDCAN1.TxFifoQueueElmtsNbr=8
FDCAN2.AutoRetransmission=ENABLE
FDCAN2.CalculateBaudRateNominal=1000000
FDCAN2.CalculateTimeBitNominal=1000
FDCAN2.CalculateTimeQuantumNominal=25.0
FDCAN2.DataPrescaler=3
FDCAN2.DataSyncJumpWidth=10
FDCAN2.DataTimeSeg1=29
FDCAN2.DataTimeSeg2=10
FDCAN2.IPParameters=CalculateTimeQuantumNominal,CalculateTimeBitNominal,CalculateBaudRateNominal,NominalSyncJumpWidth,DataPrescaler,DataSyncJumpWidth,DataTimeSeg1,DataTimeSeg2,MessageRAMOffset,StdFiltersNbr,RxFifo0ElmtsNbr,TxFifoQueueElmtsNbr,NominalPrescaler,NominalTimeSeg1,NominalTimeSeg2,AutoRetransmission
FDCAN2.MessageRAMOffset=853
FDCAN2.NominalPrescaler=3
FDCAN2.NominalSyncJumpWidth=10
FDCAN2.NominalTimeSeg1=29
FDCAN2.NominalTimeSeg2=10
FDCAN2.RxFifo0ElmtsNbr=16
FDCAN2.StdFiltersNbr=1
FDCAN2.TxFifoQueueElmtsNbr=8
FDCAN3.AutoRetransmission=ENABLE
FDCAN3.CalculateBaudRateNominal=1000000
FDCAN3.CalculateTimeBitNominal=1000
FDCAN3.CalculateTimeQuantumNominal=25.0
FDCAN3.DataPrescaler=3
FDCAN3.DataSyncJumpWidth=10
FDCAN3.DataTimeSeg1=29
FDCAN3.DataTimeSeg2=10
FDCAN3.IPParameters=CalculateTimeQuantumNominal,CalculateTimeBitNominal,CalculateBaudRateNominal,NominalSyncJumpWidth,DataPrescaler,DataSyncJumpWidth,DataTimeSeg1,DataTimeSeg2,MessageRAMOffset,StdFiltersNbr,RxFifo0ElmtsNbr,TxFifoQueueElmtsNbr,NominalPrescaler,NominalTimeSeg1,NominalTimeSeg2,AutoRetransmission
FDCAN3.MessageRAMOffset=1706
FDCAN3.NominalPrescaler=3
FDCAN3.NominalSyncJumpWidth=10
FDCAN3.NominalTimeSeg1=29
FDCAN3.NominalTimeSeg2=10
FDCAN3.RxFifo0ElmtsNbr=16
FDCAN3.StdFiltersNbr=1
FDCAN3.TxFifoQueueElmtsNbr=8
FREERTOS.FootprintOK=true
FREERTOS.IPParameters=Tasks01,FootprintOK
FREERTOS.Tasks01=defaultTask,24,128,StartDefaultTask,Default,NULL,Dynamic,NULL,NULL;CanTask,48,1024,Can_Task,As weak,NULL,Dynamic,NULL,NULL;MotionTask,40,768,Motion_Task,As weak,NULL,Dynamic,NULL,NULL;SensorTask,8,512,Sensor_Task,As weak,NULL,Dynamic,NULL,NULL
File.Version=6
GPIO.groupedBy=Group By Peripherals
KeepUserPlacement=false
MMTAppRegionsCount=0
MMTConfigApplied=false
MMTSectionSuffix=_Section
Mcu.CPN=STM32H723VGT6
Mcu.Family=STM32H7
Mcu.IP0=CORTEX_M7
Mcu.IP1=DEBUG
Mcu.IP10=SYS
Mcu.IP11=TIM2
Mcu.IP12=TIM4
Mcu.IP13=UART7
Mcu.IP14=UART9
Mcu.IP15=USART1
Mcu.IP16=USART2
Mcu.IP17=USART3
Mcu.IP18=USART10
Mcu.IP19=USB_DEVICE
Mcu.IP2=DMA
Mcu.IP20=USB_OTG_HS
Mcu.IP3=FDCAN1
Mcu.IP4=FDCAN2
Mcu.IP5=FDCAN3
Mcu.IP6=FREERTOS
Mcu.IP7=MEMORYMAP
Mcu.IP8=NVIC
Mcu.IP9=RCC
Mcu.IPNb=21
Mcu.Name=STM32H723VGTx
Mcu.Package=LQFP100
Mcu.Pin0=PE2
Mcu.Pin1=PE3
Mcu.Pin10=PE9
Mcu.Pin11=PE14
Mcu.Pin12=PB10
Mcu.Pin13=PB11
Mcu.Pin14=PB14
Mcu.Pin15=PB15
Mcu.Pin16=PD12
Mcu.Pin17=PD13
Mcu.Pin18=PD14
Mcu.Pin19=PD15
Mcu.Pin2=PC13
Mcu.Pin20=PA11
Mcu.Pin21=PA12
Mcu.Pin22=PA13(JTMS/SWDIO)
Mcu.Pin23=PA14(JTCK/SWCLK)
Mcu.Pin24=PC10
Mcu.Pin25=PC11
Mcu.Pin26=PC12
Mcu.Pin27=PD0
Mcu.Pin28=PD1
Mcu.Pin29=PD4
Mcu.Pin3=PC15-OSC32_OUT
Mcu.Pin30=PD5
Mcu.Pin31=PD6
Mcu.Pin32=PB5
Mcu.Pin33=PB6
Mcu.Pin34=PB8
Mcu.Pin35=PB9
Mcu.Pin36=PE1
Mcu.Pin37=VP_FREERTOS_VS_CMSIS_V2
Mcu.Pin38=VP_SYS_VS_tim8
Mcu.Pin39=VP_TIM4_VS_ClockSourceINT
Mcu.Pin4=PH0-OSC_IN
Mcu.Pin40=VP_USB_DEVICE_VS_USB_DEVICE_CDC_HS
Mcu.Pin41=VP_MEMORYMAP_VS_MEMORYMAP
Mcu.Pin5=PH1-OSC_OUT
Mcu.Pin6=PA0
Mcu.Pin7=PA2
Mcu.Pin8=PE7
Mcu.Pin9=PE8
Mcu.PinsNb=42
Mcu.ThirdPartyNb=0
Mcu.UserConstants=
Mcu.UserName=STM32H723VGTx
MxCube.Version=6.17.0
MxDb.Version=DB.6.0.170
NVIC.BusFault_IRQn=true\:0\:0\:false\:false\:true\:false\:false\:false\:false
NVIC.DMA1_Stream0_IRQn=true\:5\:0\:false\:false\:true\:true\:false\:true\:true
NVIC.DMA1_Stream2_IRQn=true\:5\:0\:false\:false\:true\:false\:false\:true\:true
NVIC.DebugMonitor_IRQn=true\:0\:0\:false\:false\:true\:false\:false\:false\:false
NVIC.FDCAN1_IT0_IRQn=true\:5\:0\:false\:false\:true\:true\:true\:true\:true
NVIC.FDCAN2_IT0_IRQn=true\:5\:0\:false\:false\:true\:true\:true\:true\:true
NVIC.FDCAN3_IT0_IRQn=true\:5\:0\:false\:false\:true\:true\:true\:true\:true
NVIC.ForceEnableDMAVector=true
NVIC.HardFault_IRQn=true\:0\:0\:false\:false\:true\:false\:false\:false\:false
NVIC.MemoryManagement_IRQn=true\:0\:0\:false\:false\:true\:false\:false\:false\:false
NVIC.NonMaskableInt_IRQn=true\:0\:0\:false\:false\:true\:false\:false\:false\:false
NVIC.OTG_HS_IRQn=true\:5\:0\:false\:false\:true\:true\:false\:true\:true
NVIC.PendSV_IRQn=true\:15\:0\:false\:false\:false\:true\:false\:false\:false
NVIC.PriorityGroup=NVIC_PRIORITYGROUP_4
NVIC.SVCall_IRQn=true\:0\:0\:false\:false\:false\:false\:false\:false\:false
NVIC.SavedPendsvIrqHandlerGenerated=true
NVIC.SavedSvcallIrqHandlerGenerated=true
NVIC.SavedSystickIrqHandlerGenerated=true
NVIC.SysTick_IRQn=true\:15\:0\:false\:false\:false\:true\:false\:true\:false
NVIC.TIM4_IRQn=true\:5\:0\:false\:false\:true\:true\:true\:true\:true
NVIC.TIM8_UP_TIM13_IRQn=true\:15\:0\:false\:false\:true\:false\:false\:true\:true
NVIC.TimeBase=TIM8_UP_TIM13_IRQn
NVIC.TimeBaseIP=TIM8
NVIC.UART7_IRQn=true\:5\:0\:false\:false\:true\:true\:true\:true\:true
NVIC.UART9_IRQn=true\:5\:0\:false\:false\:true\:true\:true\:true\:true
NVIC.USART10_IRQn=true\:5\:0\:false\:false\:true\:true\:true\:true\:true
NVIC.USART1_IRQn=true\:5\:0\:false\:false\:true\:true\:true\:true\:true
NVIC.USART2_IRQn=true\:5\:0\:false\:false\:true\:true\:true\:true\:true
NVIC.USART3_IRQn=true\:5\:0\:false\:false\:true\:true\:true\:true\:true
NVIC.UsageFault_IRQn=true\:0\:0\:false\:false\:true\:false\:false\:false\:false
PA0.Signal=S_TIM2_CH1_ETR
PA11.Mode=Device_Only_FS
PA11.Signal=USB_OTG_HS_DM
PA12.Mode=Device_Only_FS
PA12.Signal=USB_OTG_HS_DP
PA13(JTMS/SWDIO).Mode=Serial_Wire
PA13(JTMS/SWDIO).Signal=DEBUG_JTMS-SWDIO
PA14(JTCK/SWCLK).Mode=Serial_Wire
PA14(JTCK/SWCLK).Signal=DEBUG_JTCK-SWCLK
PA2.Signal=S_TIM2_CH3
PB10.Mode=Asynchronous
PB10.Signal=USART3_TX
PB11.Mode=Asynchronous
PB11.Signal=USART3_RX
PB14.Mode=Asynchronous
PB14.Signal=USART1_TX
PB15.Mode=Asynchronous
PB15.Signal=USART1_RX
PB5.Locked=true
PB5.Mode=FDCAN_Activate
PB5.Signal=FDCAN2_RX
PB6.Mode=FDCAN_Activate
PB6.Signal=FDCAN2_TX
PB8.GPIOParameters=GPIO_PuPd
PB8.GPIO_PuPd=GPIO_PULLDOWN
PB8.Locked=true
PB8.Signal=GPIO_Output
PB9.GPIOParameters=GPIO_PuPd
PB9.GPIO_PuPd=GPIO_PULLDOWN
PB9.Locked=true
PB9.Signal=GPIO_Output
PC10.GPIOParameters=GPIO_PuPd
PC10.GPIO_PuPd=GPIO_PULLDOWN
PC10.Locked=true
PC10.Signal=GPIO_Output
PC11.GPIOParameters=GPIO_PuPd
PC11.GPIO_PuPd=GPIO_PULLDOWN
PC11.Locked=true
PC11.Signal=GPIO_Output
PC12.GPIOParameters=GPIO_PuPd
PC12.GPIO_PuPd=GPIO_PULLDOWN
PC12.Locked=true
PC12.Signal=GPIO_Output
PC13.GPIOParameters=PinState,GPIO_PuPd,GPIO_ModeDefaultOutputPP
PC13.GPIO_ModeDefaultOutputPP=GPIO_MODE_OUTPUT_PP
PC13.GPIO_PuPd=GPIO_PULLUP
PC13.Locked=true
PC13.PinState=GPIO_PIN_SET
PC13.Signal=GPIO_Output
PC15-OSC32_OUT.GPIOParameters=PinState,GPIO_PuPd
PC15-OSC32_OUT.GPIO_PuPd=GPIO_PULLUP
PC15-OSC32_OUT.Locked=true
PC15-OSC32_OUT.PinState=GPIO_PIN_SET
PC15-OSC32_OUT.Signal=GPIO_Output
PD0.Locked=true
PD0.Mode=FDCAN_Activate
PD0.Signal=FDCAN1_RX
PD1.Locked=true
PD1.Mode=FDCAN_Activate
PD1.Signal=FDCAN1_TX
PD12.Mode=FDCAN_Activate
PD12.Signal=FDCAN3_RX
PD13.Mode=FDCAN_Activate
PD13.Signal=FDCAN3_TX
PD14.Mode=Asynchronous
PD14.Signal=UART9_RX
PD15.Mode=Asynchronous
PD15.Signal=UART9_TX
PD4.Locked=true
PD4.Mode=Hardware Flow Control (RS485)
PD4.Signal=USART2_DE
PD5.Mode=Asynchronous
PD5.Signal=USART2_TX
PD6.Locked=true
PD6.Mode=Asynchronous
PD6.Signal=USART2_RX
PE1.GPIOParameters=GPIO_PuPd
PE1.GPIO_PuPd=GPIO_PULLDOWN
PE1.Locked=true
PE1.Signal=GPIO_Output
PE14.GPIOParameters=GPIO_PuPd
PE14.GPIO_PuPd=GPIO_PULLDOWN
PE14.Locked=true
PE14.Signal=GPIO_Output
PE2.Mode=Asynchronous
PE2.Signal=USART10_RX
PE3.Mode=Asynchronous
PE3.Signal=USART10_TX
PE7.Mode=Asynchronous
PE7.Signal=UART7_RX
PE8.Mode=Asynchronous
PE8.Signal=UART7_TX
PE9.Locked=true
PE9.Signal=GPIO_Input
PH0-OSC_IN.Mode=HSE-External-Oscillator
PH0-OSC_IN.Signal=RCC_OSC_IN
PH1-OSC_OUT.Mode=HSE-External-Oscillator
PH1-OSC_OUT.Signal=RCC_OSC_OUT
PinOutPanel.RotationAngle=0
ProjectManager.AskForMigrate=true
ProjectManager.BackupPrevious=false
ProjectManager.CompilerLinker=GCC
ProjectManager.CompilerOptimize=6
ProjectManager.ComputerToolchain=false
ProjectManager.CoupleFile=true
ProjectManager.CustomerFirmwarePackage=
ProjectManager.DefaultFWLocation=true
ProjectManager.DeletePrevious=true
ProjectManager.DeviceId=STM32H723VGTx
ProjectManager.FirmwarePackage=STM32Cube FW_H7 V1.13.0
ProjectManager.FreePins=false
ProjectManager.FreePinsContext=
ProjectManager.HalAssertFull=false
ProjectManager.HeapSize=0x200
ProjectManager.KeepUserCode=true
ProjectManager.LastFirmware=true
ProjectManager.LibraryCopy=1
ProjectManager.MainLocation=Core/Src
ProjectManager.NoMain=false
ProjectManager.PreviousToolchain=
ProjectManager.ProjectBuild=false
ProjectManager.ProjectFileName=RC26_H7_R1.ioc
ProjectManager.ProjectName=RC26_H7_R1
ProjectManager.ProjectStructure=
ProjectManager.RegisterCallBack=
ProjectManager.StackSize=0x400
ProjectManager.TargetToolchain=MDK-ARM V5.32
ProjectManager.ToolChainLocation=
ProjectManager.UAScriptAfterPath=
ProjectManager.UAScriptBeforePath=
ProjectManager.UnderRoot=false
ProjectManager.functionlistsort=1-SystemClock_Config-RCC-false-HAL-false,2-MX_GPIO_Init-GPIO-false-HAL-true,3-MX_DMA_Init-DMA-false-HAL-true,4-MX_TIM2_Init-TIM2-false-HAL-true,5-MX_TIM4_Init-TIM4-false-HAL-true,6-MX_UART7_Init-UART7-false-HAL-true,7-MX_FDCAN1_Init-FDCAN1-false-HAL-true,8-MX_FDCAN2_Init-FDCAN2-false-HAL-true,9-MX_FDCAN3_Init-FDCAN3-false-HAL-true,10-MX_USB_DEVICE_Init-USB_DEVICE-false-HAL-false,11-MX_USART10_UART_Init-USART10-false-HAL-true,12-MX_UART9_Init-UART9-false-HAL-true,13-MX_USART2_UART_Init-USART2-false-HAL-true,14-MX_USART1_UART_Init-USART1-false-HAL-true,15-MX_USART3_UART_Init-USART3-false-HAL-true,0-MX_CORTEX_M7_Init-CORTEX_M7-false-HAL-true
RCC.ADCFreq_Value=48375000
RCC.AHB12Freq_Value=240000000
RCC.AHB4Freq_Value=240000000
RCC.APB1Freq_Value=120000000
RCC.APB2Freq_Value=120000000
RCC.APB3Freq_Value=120000000
RCC.APB4Freq_Value=120000000
RCC.AXIClockFreq_Value=240000000
RCC.CECFreq_Value=32000
RCC.CKPERFreq_Value=64000000
RCC.CortexFreq_Value=480000000
RCC.CpuClockFreq_Value=480000000
RCC.D1CPREFreq_Value=480000000
RCC.D1PPRE=RCC_APB3_DIV2
RCC.D2PPRE1=RCC_APB1_DIV2
RCC.D2PPRE2=RCC_APB2_DIV2
RCC.D3PPRE=RCC_APB4_DIV2
RCC.DFSDMACLkFreq_Value=120000000
RCC.DFSDMFreq_Value=120000000
RCC.DIVM1=2
RCC.DIVN1=40
RCC.DIVP1=1
RCC.DIVP1Freq_Value=480000000
RCC.DIVP2Freq_Value=48375000
RCC.DIVP3Freq_Value=48375000
RCC.DIVQ1=4
RCC.DIVQ1Freq_Value=120000000
RCC.DIVQ2Freq_Value=48375000
RCC.DIVQ3Freq_Value=48375000
RCC.DIVR1Freq_Value=240000000
RCC.DIVR2Freq_Value=48375000
RCC.DIVR3Freq_Value=48375000
RCC.FDCANFreq_Value=120000000
RCC.FMCFreq_Value=240000000
RCC.FamilyName=M
RCC.HCLK3ClockFreq_Value=240000000
RCC.HCLKFreq_Value=240000000
RCC.HPRE=RCC_HCLK_DIV2
RCC.HSE_VALUE=24000000
RCC.I2C123Freq_Value=120000000
RCC.I2C4Freq_Value=120000000
RCC.IPParameters=ADCFreq_Value,AHB12Freq_Value,AHB4Freq_Value,APB1Freq_Value,APB2Freq_Value,APB3Freq_Value,APB4Freq_Value,AXIClockFreq_Value,CECFreq_Value,CKPERFreq_Value,CortexFreq_Value,CpuClockFreq_Value,D1CPREFreq_Value,D1PPRE,D2PPRE1,D2PPRE2,D3PPRE,DFSDMACLkFreq_Value,DFSDMFreq_Value,DIVM1,DIVN1,DIVP1,DIVP1Freq_Value,DIVP2Freq_Value,DIVP3Freq_Value,DIVQ1,DIVQ1Freq_Value,DIVQ2Freq_Value,DIVQ3Freq_Value,DIVR1Freq_Value,DIVR2Freq_Value,DIVR3Freq_Value,FDCANFreq_Value,FMCFreq_Value,FamilyName,HCLK3ClockFreq_Value,HCLKFreq_Value,HPRE,HSE_VALUE,I2C123Freq_Value,I2C4Freq_Value,LPTIM1Freq_Value,LPTIM2Freq_Value,LPTIM345Freq_Value,LPUART1Freq_Value,LTDCFreq_Value,MCO1PinFreq_Value,MCO2PinFreq_Value,PLL2FRACN,PLL3FRACN,PLLFRACN,PLLSourceVirtual,QSPIFreq_Value,RNGFreq_Value,RTCFreq_Value,SAI1Freq_Value,SAI4AFreq_Value,SAI4BFreq_Value,SDMMCFreq_Value,SPDIFRXFreq_Value,SPI123Freq_Value,SPI45Freq_Value,SPI6Freq_Value,SWPMI1Freq_Value,SYSCLKFreq_VALUE,SYSCLKSource,Tim1OutputFreq_Value,Tim2OutputFreq_Value,TraceFreq_Value,USART16Freq_Value,USART234578Freq_Value,USBCLockSelection,USBFreq_Value,VCO1OutputFreq_Value,VCO2OutputFreq_Value,VCO3OutputFreq_Value,VCOInput1Freq_Value,VCOInput2Freq_Value,VCOInput3Freq_Value
RCC.LPTIM1Freq_Value=120000000
RCC.LPTIM2Freq_Value=120000000
RCC.LPTIM345Freq_Value=120000000
RCC.LPUART1Freq_Value=120000000
RCC.LTDCFreq_Value=48375000
RCC.MCO1PinFreq_Value=64000000
RCC.MCO2PinFreq_Value=480000000
RCC.PLL2FRACN=0
RCC.PLL3FRACN=0
RCC.PLLFRACN=0
RCC.PLLSourceVirtual=RCC_PLLSOURCE_HSE
RCC.QSPIFreq_Value=240000000
RCC.RNGFreq_Value=48000000
RCC.RTCFreq_Value=32000
RCC.SAI1Freq_Value=120000000
RCC.SAI4AFreq_Value=120000000
RCC.SAI4BFreq_Value=120000000
RCC.SDMMCFreq_Value=120000000
RCC.SPDIFRXFreq_Value=120000000
RCC.SPI123Freq_Value=120000000
RCC.SPI45Freq_Value=120000000
RCC.SPI6Freq_Value=120000000
RCC.SWPMI1Freq_Value=120000000
RCC.SYSCLKFreq_VALUE=480000000
RCC.SYSCLKSource=RCC_SYSCLKSOURCE_PLLCLK
RCC.Tim1OutputFreq_Value=240000000
RCC.Tim2OutputFreq_Value=240000000
RCC.TraceFreq_Value=240000000
RCC.USART16Freq_Value=120000000
RCC.USART234578Freq_Value=120000000
RCC.USBCLockSelection=RCC_USBCLKSOURCE_HSI48
RCC.USBFreq_Value=48000000
RCC.VCO1OutputFreq_Value=480000000
RCC.VCO2OutputFreq_Value=96750000
RCC.VCO3OutputFreq_Value=96750000
RCC.VCOInput1Freq_Value=12000000
RCC.VCOInput2Freq_Value=750000
RCC.VCOInput3Freq_Value=750000
SH.S_TIM2_CH1_ETR.0=TIM2_CH1,PWM Generation1 CH1
SH.S_TIM2_CH1_ETR.ConfNb=1
SH.S_TIM2_CH3.0=TIM2_CH3,PWM Generation3 CH3
SH.S_TIM2_CH3.ConfNb=1
TIM2.AutoReloadPreload=TIM_AUTORELOAD_PRELOAD_ENABLE
TIM2.Channel-PWM\ Generation1\ CH1=TIM_CHANNEL_1
TIM2.Channel-PWM\ Generation3\ CH3=TIM_CHANNEL_3
TIM2.IPParameters=Channel-PWM Generation1 CH1,Channel-PWM Generation3 CH3,Prescaler,Period,AutoReloadPreload
TIM2.Period=19999
TIM2.Prescaler=239
TIM4.IPParameters=Prescaler,Period
TIM4.Period=1999
TIM4.Prescaler=239
UART7.IPParameters=Mode
UART7.Mode=MODE_RX
UART9.BaudRate=100000
UART9.IPParameters=BaudRate,WordLength,Parity,StopBits,RxPinLevelInvertParam
UART9.Parity=PARITY_EVEN
UART9.RxPinLevelInvertParam=UART_ADVFEATURE_RXINV_ENABLE
UART9.StopBits=UART_STOPBITS_2
UART9.WordLength=WORDLENGTH_9B
USART1.BaudRate=9600
USART1.IPParameters=VirtualMode-Asynchronous,BaudRate
USART1.VirtualMode-Asynchronous=VM_ASYNC
USART10.BaudRate=9600
USART10.IPParameters=VirtualMode,BaudRate
USART10.VirtualMode=VM_ASYNC
USART2.IPParameters=VirtualMode-Asynchronous,VirtualMode-Hardware Flow Control (RS485)
USART2.VirtualMode-Asynchronous=VM_ASYNC
USART2.VirtualMode-Hardware\ Flow\ Control\ (RS485)=VM_ASYNC
USART3.BaudRate=9600
USART3.IPParameters=VirtualMode-Asynchronous,BaudRate
USART3.VirtualMode-Asynchronous=VM_ASYNC
USB_DEVICE.CLASS_NAME_HS=CDC
USB_DEVICE.IPParameters=VirtualMode,VirtualModeHS,CLASS_NAME_HS
USB_DEVICE.VirtualMode=Cdc
USB_DEVICE.VirtualModeHS=Cdc_HS
USB_OTG_HS.IPParameters=VirtualMode-Device_Only_FS
USB_OTG_HS.VirtualMode-Device_Only_FS=Device_Only_FS
VP_FREERTOS_VS_CMSIS_V2.Mode=CMSIS_V2
VP_FREERTOS_VS_CMSIS_V2.Signal=FREERTOS_VS_CMSIS_V2
VP_MEMORYMAP_VS_MEMORYMAP.Mode=CurAppReg
VP_MEMORYMAP_VS_MEMORYMAP.Signal=MEMORYMAP_VS_MEMORYMAP
VP_SYS_VS_tim8.Mode=TIM8
VP_SYS_VS_tim8.Signal=SYS_VS_tim8
VP_TIM4_VS_ClockSourceINT.Mode=Internal
VP_TIM4_VS_ClockSourceINT.Signal=TIM4_VS_ClockSourceINT
VP_USB_DEVICE_VS_USB_DEVICE_CDC_HS.Mode=CDC_HS
VP_USB_DEVICE_VS_USB_DEVICE_CDC_HS.Signal=USB_DEVICE_VS_USB_DEVICE_CDC_HS
board=custom
rtos.0.ip=FREERTOS
